
Microsoft Visual Studio Solution File, Format Version 12.00
# Visual Studio 15
VisualStudioVersion = 15.0.27703.2042
MinimumVisualStudioVersion = 10.0.40219.1
Project("{9A19103F-16F7-4668-BE54-9A1E7A4F7556}") = "ProjectX", "ProjectX\ProjectX.csproj", "{AC3D9D13-6F00-4C12-BDBD-7B1631143F43}"
EndProject
Project("{FAE04EC0-301F-11D3-BF4B-00C04F79EFBC}") = "XUnitTestProject1", "XUnitTestProject1\XUnitTestProject1.csproj", "{80C0C2F8-0D36-4B40-BB59-F323C9442906}"
EndProject
Global
	GlobalSection(SolutionConfigurationPlatforms) = preSolution
		Debug|Any CPU = Debug|Any CPU
		Release|Any CPU = Release|Any CPU
	EndGlobalSection
	GlobalSection(ProjectConfigurationPlatforms) = postSolution
		{AC3D9D13-6F00-4C12-BDBD-7B1631143F43}.Debug|Any CPU.ActiveCfg = Debug|Any CPU
		{AC3D9D13-6F00-4C12-BDBD-7B1631143F43}.Debug|Any CPU.Build.0 = Debug|Any CPU
		{AC3D9D13-6F00-4C12-BDBD-7B1631143F43}.Release|Any CPU.ActiveCfg = Release|Any CPU
		{AC3D9D13-6F00-4C12-BDBD-7B1631143F43}.Release|Any CPU.Build.0 = Release|Any CPU
		{80C0C2F8-0D36-4B40-BB59-F323C9442906}.Debug|Any CPU.ActiveCfg = Debug|Any CPU
		{80C0C2F8-0D36-4B40-BB59-F323C9442906}.Debug|Any CPU.Build.0 = Debug|Any CPU
		{80C0C2F8-0D36-4B40-BB59-F323C9442906}.Release|Any CPU.ActiveCfg = Release|Any CPU
		{80C0C2F8-0D36-4B40-BB59-F323C9442906}.Release|Any CPU.Build.0 = Release|Any CPU
	EndGlobalSection
	GlobalSection(SolutionProperties) = preSolution
		HideSolutionNode = FALSE
	EndGlobalSection
	GlobalSection(ExtensibilityGlobals) = postSolution
		SolutionGuid = {07532455-9041-4C88-8E48-F76D458A243E}
	EndGlobalSection
EndGlobal
